// !$*UTF8*$!
{
	archiveVersion = 1;
	classes = {
	};
	objectVersion = 50;
	objects = {

/* Begin PBXBuildFile section */
		0A3DD50721F2AA3100BCC6D4 /* Gibby.framework in Frameworks */ = {isa = PBXBuildFile; fileRef = 0A3DD4FD21F2AA3100BCC6D4 /* Gibby.framework */; };
		0A3DD50E21F2AA3100BCC6D4 /* Gibby.h in Headers */ = {isa = PBXBuildFile; fileRef = 0A3DD50021F2AA3100BCC6D4 /* Gibby.h */; settings = {ATTRIBUTES = (Public, ); }; };
		0A639D3122529E2A006C7CAA /* GameboyClassicCartridgeRegion.swift in Sources */ = {isa = PBXBuildFile; fileRef = 0A639D3022529E2A006C7CAA /* GameboyClassicCartridgeRegion.swift */; };
		0AB231442214CA84005E76E0 /* Platform.swift in Sources */ = {isa = PBXBuildFile; fileRef = 0AB231432214CA84005E76E0 /* Platform.swift */; };
		0AB231462214D42F005E76E0 /* GameboyClassic.swift in Sources */ = {isa = PBXBuildFile; fileRef = 0AB231452214D42F005E76E0 /* GameboyClassic.swift */; };
		0AB231482214D459005E76E0 /* GameboyAdvance.swift in Sources */ = {isa = PBXBuildFile; fileRef = 0AB231472214D459005E76E0 /* GameboyAdvance.swift */; };
		0AB2314D22151DB8005E76E0 /* GameboyClassicCartridgeHeaderTests.swift in Sources */ = {isa = PBXBuildFile; fileRef = 0AB2314C22151DB8005E76E0 /* GameboyClassicCartridgeHeaderTests.swift */; };
		0AB231552215242D005E76E0 /* GameboyClassicConfigurationTests.swift in Sources */ = {isa = PBXBuildFile; fileRef = 0A3DD50B21F2AA3100BCC6D4 /* GameboyClassicConfigurationTests.swift */; };
		0AB2316A2215B9CB005E76E0 /* Cartridge.swift in Sources */ = {isa = PBXBuildFile; fileRef = 0AB231692215B9CB005E76E0 /* Cartridge.swift */; };
		0AB231702215F5E6005E76E0 /* Header.swift in Sources */ = {isa = PBXBuildFile; fileRef = 0AB2316F2215F5E6005E76E0 /* Header.swift */; };
		0AB231722215F60C005E76E0 /* PlatformMemory.swift in Sources */ = {isa = PBXBuildFile; fileRef = 0AB231712215F60C005E76E0 /* PlatformMemory.swift */; };
		0AC59C36223413D30040BAA4 /* PlatformMemorySection.swift in Sources */ = {isa = PBXBuildFile; fileRef = 0AC59C35223413D30040BAA4 /* PlatformMemorySection.swift */; };
		0AC59C382234451D0040BAA4 /* GameboyClassicCartridge.swift in Sources */ = {isa = PBXBuildFile; fileRef = 0AC59C372234451D0040BAA4 /* GameboyClassicCartridge.swift */; };
		0AC59C3A2234458D0040BAA4 /* GameboyClassicCartridgeHeader.swift in Sources */ = {isa = PBXBuildFile; fileRef = 0AC59C392234458D0040BAA4 /* GameboyClassicCartridgeHeader.swift */; };
		0AC59C3C223445C00040BAA4 /* GameboyClassicHeaderSection.swift in Sources */ = {isa = PBXBuildFile; fileRef = 0AC59C3B223445C00040BAA4 /* GameboyClassicHeaderSection.swift */; };
		0AC59C3E2234460E0040BAA4 /* GameboyClassicCartridgeColorMode.swift in Sources */ = {isa = PBXBuildFile; fileRef = 0AC59C3D2234460E0040BAA4 /* GameboyClassicCartridgeColorMode.swift */; };
		0AC59C442234490B0040BAA4 /* GameboyClassicCartridgeConfiguration.swift in Sources */ = {isa = PBXBuildFile; fileRef = 0AC59C432234490B0040BAA4 /* GameboyClassicCartridgeConfiguration.swift */; };
		0AC59C462234493D0040BAA4 /* GameboyClassicCartridgeExternalHardware.swift in Sources */ = {isa = PBXBuildFile; fileRef = 0AC59C452234493D0040BAA4 /* GameboyClassicCartridgeExternalHardware.swift */; };
/* End PBXBuildFile section */

/* Begin PBXContainerItemProxy section */
		0A3DD50821F2AA3100BCC6D4 /* PBXContainerItemProxy */ = {
			isa = PBXContainerItemProxy;
			containerPortal = 0A3DD4D321F2A9D600BCC6D4 /* Project object */;
			proxyType = 1;
			remoteGlobalIDString = 0A3DD4FC21F2AA3100BCC6D4;
			remoteInfo = "Gibby-macOS";
		};
/* End PBXContainerItemProxy section */

/* Begin PBXFileReference section */
		0A3DD4FD21F2AA3100BCC6D4 /* Gibby.framework */ = {isa = PBXFileReference; explicitFileType = wrapper.framework; includeInIndex = 0; path = Gibby.framework; sourceTree = BUILT_PRODUCTS_DIR; };
		0A3DD50021F2AA3100BCC6D4 /* Gibby.h */ = {isa = PBXFileReference; lastKnownFileType = sourcecode.c.h; path = Gibby.h; sourceTree = "<group>"; };
		0A3DD50621F2AA3100BCC6D4 /* Gibby-macOSTests.xctest */ = {isa = PBXFileReference; explicitFileType = wrapper.cfbundle; includeInIndex = 0; path = "Gibby-macOSTests.xctest"; sourceTree = BUILT_PRODUCTS_DIR; };
		0A3DD50B21F2AA3100BCC6D4 /* GameboyClassicConfigurationTests.swift */ = {isa = PBXFileReference; lastKnownFileType = sourcecode.swift; path = GameboyClassicConfigurationTests.swift; sourceTree = "<group>"; };
		0A639D3022529E2A006C7CAA /* GameboyClassicCartridgeRegion.swift */ = {isa = PBXFileReference; lastKnownFileType = sourcecode.swift; path = GameboyClassicCartridgeRegion.swift; sourceTree = "<group>"; };
		0AB231432214CA84005E76E0 /* Platform.swift */ = {isa = PBXFileReference; lastKnownFileType = sourcecode.swift; path = Platform.swift; sourceTree = "<group>"; };
		0AB231452214D42F005E76E0 /* GameboyClassic.swift */ = {isa = PBXFileReference; lastKnownFileType = sourcecode.swift; path = GameboyClassic.swift; sourceTree = "<group>"; };
		0AB231472214D459005E76E0 /* GameboyAdvance.swift */ = {isa = PBXFileReference; lastKnownFileType = sourcecode.swift; path = GameboyAdvance.swift; sourceTree = "<group>"; };
		0AB2314C22151DB8005E76E0 /* GameboyClassicCartridgeHeaderTests.swift */ = {isa = PBXFileReference; lastKnownFileType = sourcecode.swift; path = GameboyClassicCartridgeHeaderTests.swift; sourceTree = "<group>"; };
		0AB231692215B9CB005E76E0 /* Cartridge.swift */ = {isa = PBXFileReference; lastKnownFileType = sourcecode.swift; path = Cartridge.swift; sourceTree = "<group>"; };
		0AB2316F2215F5E6005E76E0 /* Header.swift */ = {isa = PBXFileReference; lastKnownFileType = sourcecode.swift; path = Header.swift; sourceTree = "<group>"; };
		0AB231712215F60C005E76E0 /* PlatformMemory.swift */ = {isa = PBXFileReference; lastKnownFileType = sourcecode.swift; path = PlatformMemory.swift; sourceTree = "<group>"; };
		0AC59C35223413D30040BAA4 /* PlatformMemorySection.swift */ = {isa = PBXFileReference; lastKnownFileType = sourcecode.swift; path = PlatformMemorySection.swift; sourceTree = "<group>"; };
		0AC59C372234451D0040BAA4 /* GameboyClassicCartridge.swift */ = {isa = PBXFileReference; lastKnownFileType = sourcecode.swift; path = GameboyClassicCartridge.swift; sourceTree = "<group>"; };
		0AC59C392234458D0040BAA4 /* GameboyClassicCartridgeHeader.swift */ = {isa = PBXFileReference; lastKnownFileType = sourcecode.swift; path = GameboyClassicCartridgeHeader.swift; sourceTree = "<group>"; };
		0AC59C3B223445C00040BAA4 /* GameboyClassicHeaderSection.swift */ = {isa = PBXFileReference; lastKnownFileType = sourcecode.swift; path = GameboyClassicHeaderSection.swift; sourceTree = "<group>"; };
		0AC59C3D2234460E0040BAA4 /* GameboyClassicCartridgeColorMode.swift */ = {isa = PBXFileReference; lastKnownFileType = sourcecode.swift; path = GameboyClassicCartridgeColorMode.swift; sourceTree = "<group>"; };
		0AC59C432234490B0040BAA4 /* GameboyClassicCartridgeConfiguration.swift */ = {isa = PBXFileReference; lastKnownFileType = sourcecode.swift; path = GameboyClassicCartridgeConfiguration.swift; sourceTree = "<group>"; };
		0AC59C452234493D0040BAA4 /* GameboyClassicCartridgeExternalHardware.swift */ = {isa = PBXFileReference; lastKnownFileType = sourcecode.swift; path = GameboyClassicCartridgeExternalHardware.swift; sourceTree = "<group>"; };
/* End PBXFileReference section */

/* Begin PBXFrameworksBuildPhase section */
		0A3DD4FA21F2AA3100BCC6D4 /* Frameworks */ = {
			isa = PBXFrameworksBuildPhase;
			buildActionMask = 2147483647;
			files = (
			);
			runOnlyForDeploymentPostprocessing = 0;
		};
		0A3DD50321F2AA3100BCC6D4 /* Frameworks */ = {
			isa = PBXFrameworksBuildPhase;
			buildActionMask = 2147483647;
			files = (
				0A3DD50721F2AA3100BCC6D4 /* Gibby.framework in Frameworks */,
			);
			runOnlyForDeploymentPostprocessing = 0;
		};
/* End PBXFrameworksBuildPhase section */

/* Begin PBXGroup section */
		0A3DD4D221F2A9D600BCC6D4 = {
			isa = PBXGroup;
			children = (
				0A3DD4FF21F2AA3100BCC6D4 /* Source */,
				0A3DD50A21F2AA3100BCC6D4 /* Tests */,
				0A3DD4FE21F2AA3100BCC6D4 /* Products */,
			);
			sourceTree = "<group>";
		};
		0A3DD4FE21F2AA3100BCC6D4 /* Products */ = {
			isa = PBXGroup;
			children = (
				0A3DD4FD21F2AA3100BCC6D4 /* Gibby.framework */,
				0A3DD50621F2AA3100BCC6D4 /* Gibby-macOSTests.xctest */,
			);
			name = Products;
			sourceTree = "<group>";
		};
		0A3DD4FF21F2AA3100BCC6D4 /* Source */ = {
			isa = PBXGroup;
			children = (
				0AB231692215B9CB005E76E0 /* Cartridge.swift */,
				0AB231472214D459005E76E0 /* GameboyAdvance.swift */,
				0AB231452214D42F005E76E0 /* GameboyClassic.swift */,
				0AC59C372234451D0040BAA4 /* GameboyClassicCartridge.swift */,
				0AC59C3D2234460E0040BAA4 /* GameboyClassicCartridgeColorMode.swift */,
				0AC59C432234490B0040BAA4 /* GameboyClassicCartridgeConfiguration.swift */,
				0AC59C452234493D0040BAA4 /* GameboyClassicCartridgeExternalHardware.swift */,
				0AC59C392234458D0040BAA4 /* GameboyClassicCartridgeHeader.swift */,
				0A639D3022529E2A006C7CAA /* GameboyClassicCartridgeRegion.swift */,
				0AC59C3B223445C00040BAA4 /* GameboyClassicHeaderSection.swift */,
				0AB2316F2215F5E6005E76E0 /* Header.swift */,
				0AB231432214CA84005E76E0 /* Platform.swift */,
				0AB231712215F60C005E76E0 /* PlatformMemory.swift */,
				0AC59C35223413D30040BAA4 /* PlatformMemorySection.swift */,
				0A3DD50021F2AA3100BCC6D4 /* Gibby.h */,
			);
			path = Source;
			sourceTree = "<group>";
		};
		0A3DD50A21F2AA3100BCC6D4 /* Tests */ = {
			isa = PBXGroup;
			children = (
				0AB2314B22151DA0005E76E0 /* PlatformTests */,
			);
			path = Tests;
			sourceTree = "<group>";
		};
		0AB2314B22151DA0005E76E0 /* PlatformTests */ = {
			isa = PBXGroup;
			children = (
				0AB2314C22151DB8005E76E0 /* GameboyClassicCartridgeHeaderTests.swift */,
				0A3DD50B21F2AA3100BCC6D4 /* GameboyClassicConfigurationTests.swift */,
			);
			path = PlatformTests;
			sourceTree = "<group>";
		};
/* End PBXGroup section */

/* Begin PBXHeadersBuildPhase section */
		0A3DD4F821F2AA3100BCC6D4 /* Headers */ = {
			isa = PBXHeadersBuildPhase;
			buildActionMask = 2147483647;
			files = (
				0A3DD50E21F2AA3100BCC6D4 /* Gibby.h in Headers */,
			);
			runOnlyForDeploymentPostprocessing = 0;
		};
/* End PBXHeadersBuildPhase section */

/* Begin PBXNativeTarget section */
		0A3DD4FC21F2AA3100BCC6D4 /* Gibby-macOS */ = {
			isa = PBXNativeTarget;
			buildConfigurationList = 0A3DD50F21F2AA3100BCC6D4 /* Build configuration list for PBXNativeTarget "Gibby-macOS" */;
			buildPhases = (
				0A3DD4F821F2AA3100BCC6D4 /* Headers */,
				0A3DD4F921F2AA3100BCC6D4 /* Sources */,
				0A3DD4FA21F2AA3100BCC6D4 /* Frameworks */,
				0A3DD4FB21F2AA3100BCC6D4 /* Resources */,
			);
			buildRules = (
			);
			dependencies = (
			);
			name = "Gibby-macOS";
			productName = "Gibby-macOS";
			productReference = 0A3DD4FD21F2AA3100BCC6D4 /* Gibby.framework */;
			productType = "com.apple.product-type.framework";
		};
		0A3DD50521F2AA3100BCC6D4 /* Gibby-macOSTests */ = {
			isa = PBXNativeTarget;
			buildConfigurationList = 0A3DD51221F2AA3100BCC6D4 /* Build configuration list for PBXNativeTarget "Gibby-macOSTests" */;
			buildPhases = (
				0A3DD50221F2AA3100BCC6D4 /* Sources */,
				0A3DD50321F2AA3100BCC6D4 /* Frameworks */,
				0A3DD50421F2AA3100BCC6D4 /* Resources */,
			);
			buildRules = (
			);
			dependencies = (
				0A3DD50921F2AA3100BCC6D4 /* PBXTargetDependency */,
			);
			name = "Gibby-macOSTests";
			productName = "Gibby-macOSTests";
			productReference = 0A3DD50621F2AA3100BCC6D4 /* Gibby-macOSTests.xctest */;
			productType = "com.apple.product-type.bundle.unit-test";
		};
/* End PBXNativeTarget section */

/* Begin PBXProject section */
		0A3DD4D321F2A9D600BCC6D4 /* Project object */ = {
			isa = PBXProject;
			attributes = {
				LastSwiftUpdateCheck = 1010;
				LastUpgradeCheck = 1010;
				TargetAttributes = {
					0A3DD4FC21F2AA3100BCC6D4 = {
						CreatedOnToolsVersion = 10.1;
						LastSwiftMigration = 1010;
					};
					0A3DD50521F2AA3100BCC6D4 = {
						CreatedOnToolsVersion = 10.1;
					};
				};
			};
			buildConfigurationList = 0A3DD4D621F2A9D600BCC6D4 /* Build configuration list for PBXProject "Gibby" */;
			compatibilityVersion = "Xcode 9.3";
			developmentRegion = en;
			hasScannedForEncodings = 0;
			knownRegions = (
				en,
				Base,
			);
			mainGroup = 0A3DD4D221F2A9D600BCC6D4;
			productRefGroup = 0A3DD4FE21F2AA3100BCC6D4 /* Products */;
			projectDirPath = "";
			projectRoot = "";
			targets = (
				0A3DD4FC21F2AA3100BCC6D4 /* Gibby-macOS */,
				0A3DD50521F2AA3100BCC6D4 /* Gibby-macOSTests */,
			);
		};
/* End PBXProject section */

/* Begin PBXResourcesBuildPhase section */
		0A3DD4FB21F2AA3100BCC6D4 /* Resources */ = {
			isa = PBXResourcesBuildPhase;
			buildActionMask = 2147483647;
			files = (
			);
			runOnlyForDeploymentPostprocessing = 0;
		};
		0A3DD50421F2AA3100BCC6D4 /* Resources */ = {
			isa = PBXResourcesBuildPhase;
			buildActionMask = 2147483647;
			files = (
			);
			runOnlyForDeploymentPostprocessing = 0;
		};
/* End PBXResourcesBuildPhase section */

/* Begin PBXSourcesBuildPhase section */
		0A3DD4F921F2AA3100BCC6D4 /* Sources */ = {
			isa = PBXSourcesBuildPhase;
			buildActionMask = 2147483647;
			files = (
				0AB231702215F5E6005E76E0 /* Header.swift in Sources */,
				0AB231482214D459005E76E0 /* GameboyAdvance.swift in Sources */,
				0AB231722215F60C005E76E0 /* PlatformMemory.swift in Sources */,
				0AC59C382234451D0040BAA4 /* GameboyClassicCartridge.swift in Sources */,
				0AC59C3A2234458D0040BAA4 /* GameboyClassicCartridgeHeader.swift in Sources */,
				0AB2316A2215B9CB005E76E0 /* Cartridge.swift in Sources */,
				0AC59C3C223445C00040BAA4 /* GameboyClassicHeaderSection.swift in Sources */,
				0A639D3122529E2A006C7CAA /* GameboyClassicCartridgeRegion.swift in Sources */,
				0AC59C3E2234460E0040BAA4 /* GameboyClassicCartridgeColorMode.swift in Sources */,
				0AC59C442234490B0040BAA4 /* GameboyClassicCartridgeConfiguration.swift in Sources */,
				0AB231442214CA84005E76E0 /* Platform.swift in Sources */,
				0AB231462214D42F005E76E0 /* GameboyClassic.swift in Sources */,
				0AC59C36223413D30040BAA4 /* PlatformMemorySection.swift in Sources */,
				0AC59C462234493D0040BAA4 /* GameboyClassicCartridgeExternalHardware.swift in Sources */,
			);
			runOnlyForDeploymentPostprocessing = 0;
		};
		0A3DD50221F2AA3100BCC6D4 /* Sources */ = {
			isa = PBXSourcesBuildPhase;
			buildActionMask = 2147483647;
			files = (
				0AB231552215242D005E76E0 /* GameboyClassicConfigurationTests.swift in Sources */,
				0AB2314D22151DB8005E76E0 /* GameboyClassicCartridgeHeaderTests.swift in Sources */,
			);
			runOnlyForDeploymentPostprocessing = 0;
		};
/* End PBXSourcesBuildPhase section */

/* Begin PBXTargetDependency section */
		0A3DD50921F2AA3100BCC6D4 /* PBXTargetDependency */ = {
			isa = PBXTargetDependency;
			target = 0A3DD4FC21F2AA3100BCC6D4 /* Gibby-macOS */;
			targetProxy = 0A3DD50821F2AA3100BCC6D4 /* PBXContainerItemProxy */;
		};
/* End PBXTargetDependency section */

/* Begin XCBuildConfiguration section */
		0A3DD4D721F2A9D600BCC6D4 /* Debug */ = {
			isa = XCBuildConfiguration;
			buildSettings = {
				CLANG_WARN_BLOCK_CAPTURE_AUTORELEASING = YES;
				CLANG_WARN_BOOL_CONVERSION = YES;
				CLANG_WARN_COMMA = YES;
				CLANG_WARN_CONSTANT_CONVERSION = YES;
				CLANG_WARN_DEPRECATED_OBJC_IMPLEMENTATIONS = YES;
				CLANG_WARN_EMPTY_BODY = YES;
				CLANG_WARN_ENUM_CONVERSION = YES;
				CLANG_WARN_INFINITE_RECURSION = YES;
				CLANG_WARN_INT_CONVERSION = YES;
				CLANG_WARN_NON_LITERAL_NULL_CONVERSION = YES;
				CLANG_WARN_OBJC_IMPLICIT_RETAIN_SELF = YES;
				CLANG_WARN_OBJC_LITERAL_CONVERSION = YES;
				CLANG_WARN_RANGE_LOOP_ANALYSIS = YES;
				CLANG_WARN_STRICT_PROTOTYPES = YES;
				CLANG_WARN_SUSPICIOUS_MOVE = YES;
				CLANG_WARN_UNREACHABLE_CODE = YES;
				CLANG_WARN__DUPLICATE_METHOD_MATCH = YES;
				ENABLE_STRICT_OBJC_MSGSEND = YES;
				ENABLE_TESTABILITY = YES;
				GCC_NO_COMMON_BLOCKS = YES;
				GCC_WARN_64_TO_32_BIT_CONVERSION = YES;
				GCC_WARN_ABOUT_RETURN_TYPE = YES;
				GCC_WARN_UNDECLARED_SELECTOR = YES;
				GCC_WARN_UNINITIALIZED_AUTOS = YES;
				GCC_WARN_UNUSED_FUNCTION = YES;
				GCC_WARN_UNUSED_VARIABLE = YES;
				MACOSX_DEPLOYMENT_TARGET = 10.12;
				ONLY_ACTIVE_ARCH = YES;
				SWIFT_VERSION = 5.0;
			};
			name = Debug;
		};
		0A3DD4D821F2A9D600BCC6D4 /* Release */ = {
			isa = XCBuildConfiguration;
			buildSettings = {
				CLANG_WARN_BLOCK_CAPTURE_AUTORELEASING = YES;
				CLANG_WARN_BOOL_CONVERSION = YES;
				CLANG_WARN_COMMA = YES;
				CLANG_WARN_CONSTANT_CONVERSION = YES;
				CLANG_WARN_DEPRECATED_OBJC_IMPLEMENTATIONS = YES;
				CLANG_WARN_EMPTY_BODY = YES;
				CLANG_WARN_ENUM_CONVERSION = YES;
				CLANG_WARN_INFINITE_RECURSION = YES;
				CLANG_WARN_INT_CONVERSION = YES;
				CLANG_WARN_NON_LITERAL_NULL_CONVERSION = YES;
				CLANG_WARN_OBJC_IMPLICIT_RETAIN_SELF = YES;
				CLANG_WARN_OBJC_LITERAL_CONVERSION = YES;
				CLANG_WARN_RANGE_LOOP_ANALYSIS = YES;
				CLANG_WARN_STRICT_PROTOTYPES = YES;
				CLANG_WARN_SUSPICIOUS_MOVE = YES;
				CLANG_WARN_UNREACHABLE_CODE = YES;
				CLANG_WARN__DUPLICATE_METHOD_MATCH = YES;
				ENABLE_STRICT_OBJC_MSGSEND = YES;
				GCC_NO_COMMON_BLOCKS = YES;
				GCC_WARN_64_TO_32_BIT_CONVERSION = YES;
				GCC_WARN_ABOUT_RETURN_TYPE = YES;
				GCC_WARN_UNDECLARED_SELECTOR = YES;
				GCC_WARN_UNINITIALIZED_AUTOS = YES;
				GCC_WARN_UNUSED_FUNCTION = YES;
				GCC_WARN_UNUSED_VARIABLE = YES;
				MACOSX_DEPLOYMENT_TARGET = 10.12;
				SWIFT_VERSION = 5.0;
			};
			name = Release;
		};
		0A3DD51021F2AA3100BCC6D4 /* Debug */ = {
			isa = XCBuildConfiguration;
			buildSettings = {
				ALWAYS_SEARCH_USER_PATHS = NO;
				CLANG_ANALYZER_NONNULL = YES;
				CLANG_ANALYZER_NUMBER_OBJECT_CONVERSION = YES_AGGRESSIVE;
				CLANG_CXX_LANGUAGE_STANDARD = "gnu++14";
				CLANG_CXX_LIBRARY = "libc++";
				CLANG_ENABLE_MODULES = YES;
				CLANG_ENABLE_OBJC_ARC = YES;
				CLANG_ENABLE_OBJC_WEAK = YES;
				CLANG_WARN_BLOCK_CAPTURE_AUTORELEASING = YES;
				CLANG_WARN_BOOL_CONVERSION = YES;
				CLANG_WARN_COMMA = YES;
				CLANG_WARN_CONSTANT_CONVERSION = YES;
				CLANG_WARN_DEPRECATED_OBJC_IMPLEMENTATIONS = YES;
				CLANG_WARN_DIRECT_OBJC_ISA_USAGE = YES_ERROR;
				CLANG_WARN_DOCUMENTATION_COMMENTS = YES;
				CLANG_WARN_EMPTY_BODY = YES;
				CLANG_WARN_ENUM_CONVERSION = YES;
				CLANG_WARN_INFINITE_RECURSION = YES;
				CLANG_WARN_INT_CONVERSION = YES;
				CLANG_WARN_NON_LITERAL_NULL_CONVERSION = YES;
				CLANG_WARN_OBJC_IMPLICIT_RETAIN_SELF = YES;
				CLANG_WARN_OBJC_LITERAL_CONVERSION = YES;
				CLANG_WARN_OBJC_ROOT_CLASS = YES_ERROR;
				CLANG_WARN_RANGE_LOOP_ANALYSIS = YES;
				CLANG_WARN_STRICT_PROTOTYPES = YES;
				CLANG_WARN_SUSPICIOUS_MOVE = YES;
				CLANG_WARN_UNGUARDED_AVAILABILITY = YES_AGGRESSIVE;
				CLANG_WARN_UNREACHABLE_CODE = YES;
				CLANG_WARN__DUPLICATE_METHOD_MATCH = YES;
				CODE_SIGN_IDENTITY = "";
				CODE_SIGN_STYLE = Automatic;
				COMBINE_HIDPI_IMAGES = YES;
				COPY_PHASE_STRIP = NO;
				CURRENT_PROJECT_VERSION = 1;
				DEBUG_INFORMATION_FORMAT = dwarf;
				DEFINES_MODULE = YES;
				DEVELOPMENT_TEAM = J3L2NJGMGJ;
				DYLIB_COMPATIBILITY_VERSION = 1;
				DYLIB_CURRENT_VERSION = 1;
				DYLIB_INSTALL_NAME_BASE = "@rpath";
				ENABLE_STRICT_OBJC_MSGSEND = YES;
				ENABLE_TESTABILITY = YES;
				FRAMEWORK_VERSION = A;
				GCC_C_LANGUAGE_STANDARD = gnu11;
				GCC_DYNAMIC_NO_PIC = NO;
				GCC_NO_COMMON_BLOCKS = YES;
				GCC_OPTIMIZATION_LEVEL = 0;
				GCC_PREPROCESSOR_DEFINITIONS = (
					"DEBUG=1",
					"$(inherited)",
				);
				GCC_WARN_64_TO_32_BIT_CONVERSION = YES;
				GCC_WARN_ABOUT_RETURN_TYPE = YES_ERROR;
				GCC_WARN_UNDECLARED_SELECTOR = YES;
				GCC_WARN_UNINITIALIZED_AUTOS = YES_AGGRESSIVE;
				GCC_WARN_UNUSED_FUNCTION = YES;
				GCC_WARN_UNUSED_VARIABLE = YES;
				INFOPLIST_FILE = Source/Info.plist;
				INSTALL_PATH = "$(LOCAL_LIBRARY_DIR)/Frameworks";
				LD_RUNPATH_SEARCH_PATHS = (
					"$(inherited)",
					"@executable_path/../Frameworks",
					"@loader_path/Frameworks",
				);
				MTL_ENABLE_DEBUG_INFO = INCLUDE_SOURCE;
				MTL_FAST_MATH = YES;
				ONLY_ACTIVE_ARCH = YES;
				PRODUCT_BUNDLE_IDENTIFIER = "com.kevinvitale.Gibby-macOS";
				PRODUCT_NAME = Gibby;
				SDKROOT = macosx;
				SKIP_INSTALL = YES;
				SWIFT_ACTIVE_COMPILATION_CONDITIONS = DEBUG;
				SWIFT_OPTIMIZATION_LEVEL = "-Onone";
				VERSIONING_SYSTEM = "apple-generic";
				VERSION_INFO_PREFIX = "";
			};
			name = Debug;
		};
		0A3DD51121F2AA3100BCC6D4 /* Release */ = {
			isa = XCBuildConfiguration;
			buildSettings = {
				ALWAYS_SEARCH_USER_PATHS = NO;
				CLANG_ANALYZER_NONNULL = YES;
				CLANG_ANALYZER_NUMBER_OBJECT_CONVERSION = YES_AGGRESSIVE;
				CLANG_CXX_LANGUAGE_STANDARD = "gnu++14";
				CLANG_CXX_LIBRARY = "libc++";
				CLANG_ENABLE_MODULES = YES;
				CLANG_ENABLE_OBJC_ARC = YES;
				CLANG_ENABLE_OBJC_WEAK = YES;
				CLANG_WARN_BLOCK_CAPTURE_AUTORELEASING = YES;
				CLANG_WARN_BOOL_CONVERSION = YES;
				CLANG_WARN_COMMA = YES;
				CLANG_WARN_CONSTANT_CONVERSION = YES;
				CLANG_WARN_DEPRECATED_OBJC_IMPLEMENTATIONS = YES;
				CLANG_WARN_DIRECT_OBJC_ISA_USAGE = YES_ERROR;
				CLANG_WARN_DOCUMENTATION_COMMENTS = YES;
				CLANG_WARN_EMPTY_BODY = YES;
				CLANG_WARN_ENUM_CONVERSION = YES;
				CLANG_WARN_INFINITE_RECURSION = YES;
				CLANG_WARN_INT_CONVERSION = YES;
				CLANG_WARN_NON_LITERAL_NULL_CONVERSION = YES;
				CLANG_WARN_OBJC_IMPLICIT_RETAIN_SELF = YES;
				CLANG_WARN_OBJC_LITERAL_CONVERSION = YES;
				CLANG_WARN_OBJC_ROOT_CLASS = YES_ERROR;
				CLANG_WARN_RANGE_LOOP_ANALYSIS = YES;
				CLANG_WARN_STRICT_PROTOTYPES = YES;
				CLANG_WARN_SUSPICIOUS_MOVE = YES;
				CLANG_WARN_UNGUARDED_AVAILABILITY = YES_AGGRESSIVE;
				CLANG_WARN_UNREACHABLE_CODE = YES;
				CLANG_WARN__DUPLICATE_METHOD_MATCH = YES;
				CODE_SIGN_IDENTITY = "";
				CODE_SIGN_STYLE = Automatic;
				COMBINE_HIDPI_IMAGES = YES;
				COPY_PHASE_STRIP = NO;
				CURRENT_PROJECT_VERSION = 1;
				DEBUG_INFORMATION_FORMAT = "dwarf-with-dsym";
				DEFINES_MODULE = YES;
				DEVELOPMENT_TEAM = J3L2NJGMGJ;
				DYLIB_COMPATIBILITY_VERSION = 1;
				DYLIB_CURRENT_VERSION = 1;
				DYLIB_INSTALL_NAME_BASE = "@rpath";
				ENABLE_NS_ASSERTIONS = NO;
				ENABLE_STRICT_OBJC_MSGSEND = YES;
				FRAMEWORK_VERSION = A;
				GCC_C_LANGUAGE_STANDARD = gnu11;
				GCC_NO_COMMON_BLOCKS = YES;
				GCC_WARN_64_TO_32_BIT_CONVERSION = YES;
				GCC_WARN_ABOUT_RETURN_TYPE = YES_ERROR;
				GCC_WARN_UNDECLARED_SELECTOR = YES;
				GCC_WARN_UNINITIALIZED_AUTOS = YES_AGGRESSIVE;
				GCC_WARN_UNUSED_FUNCTION = YES;
				GCC_WARN_UNUSED_VARIABLE = YES;
				INFOPLIST_FILE = Source/Info.plist;
				INSTALL_PATH = "$(LOCAL_LIBRARY_DIR)/Frameworks";
				LD_RUNPATH_SEARCH_PATHS = (
					"$(inherited)",
					"@executable_path/../Frameworks",
					"@loader_path/Frameworks",
				);
				MTL_ENABLE_DEBUG_INFO = NO;
				MTL_FAST_MATH = YES;
				PRODUCT_BUNDLE_IDENTIFIER = "com.kevinvitale.Gibby-macOS";
				PRODUCT_NAME = Gibby;
				SDKROOT = macosx;
				SKIP_INSTALL = YES;
				SWIFT_COMPILATION_MODE = wholemodule;
				SWIFT_OPTIMIZATION_LEVEL = "-O";
				VERSIONING_SYSTEM = "apple-generic";
				VERSION_INFO_PREFIX = "";
			};
			name = Release;
		};
		0A3DD51321F2AA3100BCC6D4 /* Debug */ = {
			isa = XCBuildConfiguration;
			buildSettings = {
				ALWAYS_EMBED_SWIFT_STANDARD_LIBRARIES = YES;
				ALWAYS_SEARCH_USER_PATHS = NO;
				CLANG_ANALYZER_NONNULL = YES;
				CLANG_ANALYZER_NUMBER_OBJECT_CONVERSION = YES_AGGRESSIVE;
				CLANG_CXX_LANGUAGE_STANDARD = "gnu++14";
				CLANG_CXX_LIBRARY = "libc++";
				CLANG_ENABLE_MODULES = YES;
				CLANG_ENABLE_OBJC_ARC = YES;
				CLANG_ENABLE_OBJC_WEAK = YES;
				CLANG_WARN_BLOCK_CAPTURE_AUTORELEASING = YES;
				CLANG_WARN_BOOL_CONVERSION = YES;
				CLANG_WARN_COMMA = YES;
				CLANG_WARN_CONSTANT_CONVERSION = YES;
				CLANG_WARN_DEPRECATED_OBJC_IMPLEMENTATIONS = YES;
				CLANG_WARN_DIRECT_OBJC_ISA_USAGE = YES_ERROR;
				CLANG_WARN_DOCUMENTATION_COMMENTS = YES;
				CLANG_WARN_EMPTY_BODY = YES;
				CLANG_WARN_ENUM_CONVERSION = YES;
				CLANG_WARN_INFINITE_RECURSION = YES;
				CLANG_WARN_INT_CONVERSION = YES;
				CLANG_WARN_NON_LITERAL_NULL_CONVERSION = YES;
				CLANG_WARN_OBJC_IMPLICIT_RETAIN_SELF = YES;
				CLANG_WARN_OBJC_LITERAL_CONVERSION = YES;
				CLANG_WARN_OBJC_ROOT_CLASS = YES_ERROR;
				CLANG_WARN_RANGE_LOOP_ANALYSIS = YES;
				CLANG_WARN_STRICT_PROTOTYPES = YES;
				CLANG_WARN_SUSPICIOUS_MOVE = YES;
				CLANG_WARN_UNGUARDED_AVAILABILITY = YES_AGGRESSIVE;
				CLANG_WARN_UNREACHABLE_CODE = YES;
				CLANG_WARN__DUPLICATE_METHOD_MATCH = YES;
				CODE_SIGN_IDENTITY = "Mac Developer";
				CODE_SIGN_STYLE = Automatic;
				COMBINE_HIDPI_IMAGES = YES;
				COPY_PHASE_STRIP = NO;
				DEBUG_INFORMATION_FORMAT = dwarf;
				DEVELOPMENT_TEAM = J3L2NJGMGJ;
				ENABLE_STRICT_OBJC_MSGSEND = YES;
				ENABLE_TESTABILITY = YES;
				GCC_C_LANGUAGE_STANDARD = gnu11;
				GCC_DYNAMIC_NO_PIC = NO;
				GCC_NO_COMMON_BLOCKS = YES;
				GCC_OPTIMIZATION_LEVEL = 0;
				GCC_PREPROCESSOR_DEFINITIONS = (
					"DEBUG=1",
					"$(inherited)",
				);
				GCC_WARN_64_TO_32_BIT_CONVERSION = YES;
				GCC_WARN_ABOUT_RETURN_TYPE = YES_ERROR;
				GCC_WARN_UNDECLARED_SELECTOR = YES;
				GCC_WARN_UNINITIALIZED_AUTOS = YES_AGGRESSIVE;
				GCC_WARN_UNUSED_FUNCTION = YES;
				GCC_WARN_UNUSED_VARIABLE = YES;
				INFOPLIST_FILE = Tests/Info.plist;
				LD_RUNPATH_SEARCH_PATHS = (
					"$(inherited)",
					"@executable_path/../Frameworks",
					"@loader_path/../Frameworks",
				);
				MTL_ENABLE_DEBUG_INFO = INCLUDE_SOURCE;
				MTL_FAST_MATH = YES;
				ONLY_ACTIVE_ARCH = YES;
				PRODUCT_BUNDLE_IDENTIFIER = "com.kevinvitale.Gibby-macOSTests";
				PRODUCT_NAME = "$(TARGET_NAME)";
				SDKROOT = macosx;
				SWIFT_ACTIVE_COMPILATION_CONDITIONS = DEBUG;
				SWIFT_OPTIMIZATION_LEVEL = "-Onone";
			};
			name = Debug;
		};
		0A3DD51421F2AA3100BCC6D4 /* Release */ = {
			isa = XCBuildConfiguration;
			buildSettings = {
				ALWAYS_EMBED_SWIFT_STANDARD_LIBRARIES = YES;
				ALWAYS_SEARCH_USER_PATHS = NO;
				CLANG_ANALYZER_NONNULL = YES;
				CLANG_ANALYZER_NUMBER_OBJECT_CONVERSION = YES_AGGRESSIVE;
				CLANG_CXX_LANGUAGE_STANDARD = "gnu++14";
				CLANG_CXX_LIBRARY = "libc++";
				CLANG_ENABLE_MODULES = YES;
				CLANG_ENABLE_OBJC_ARC = YES;
				CLANG_ENABLE_OBJC_WEAK = YES;
				CLANG_WARN_BLOCK_CAPTURE_AUTORELEASING = YES;
				CLANG_WARN_BOOL_CONVERSION = YES;
				CLANG_WARN_COMMA = YES;
				CLANG_WARN_CONSTANT_CONVERSION = YES;
				CLANG_WARN_DEPRECATED_OBJC_IMPLEMENTATIONS = YES;
				CLANG_WARN_DIRECT_OBJC_ISA_USAGE = YES_ERROR;
				CLANG_WARN_DOCUMENTATION_COMMENTS = YES;
				CLANG_WARN_EMPTY_BODY = YES;
				CLANG_WARN_ENUM_CONVERSION = YES;
				CLANG_WARN_INFINITE_RECURSION = YES;
				CLANG_WARN_INT_CONVERSION = YES;
				CLANG_WARN_NON_LITERAL_NULL_CONVERSION = YES;
				CLANG_WARN_OBJC_IMPLICIT_RETAIN_SELF = YES;
				CLANG_WARN_OBJC_LITERAL_CONVERSION = YES;
				CLANG_WARN_OBJC_ROOT_CLASS = YES_ERROR;
				CLANG_WARN_RANGE_LOOP_ANALYSIS = YES;
				CLANG_WARN_STRICT_PROTOTYPES = YES;
				CLANG_WARN_SUSPICIOUS_MOVE = YES;
				CLANG_WARN_UNGUARDED_AVAILABILITY = YES_AGGRESSIVE;
				CLANG_WARN_UNREACHABLE_CODE = YES;
				CLANG_WARN__DUPLICATE_METHOD_MATCH = YES;
				CODE_SIGN_IDENTITY = "Mac Developer";
				CODE_SIGN_STYLE = Automatic;
				COMBINE_HIDPI_IMAGES = YES;
				COPY_PHASE_STRIP = NO;
				DEBUG_INFORMATION_FORMAT = "dwarf-with-dsym";
				DEVELOPMENT_TEAM = J3L2NJGMGJ;
				ENABLE_NS_ASSERTIONS = NO;
				ENABLE_STRICT_OBJC_MSGSEND = YES;
				GCC_C_LANGUAGE_STANDARD = gnu11;
				GCC_NO_COMMON_BLOCKS = YES;
				GCC_WARN_64_TO_32_BIT_CONVERSION = YES;
				GCC_WARN_ABOUT_RETURN_TYPE = YES_ERROR;
				GCC_WARN_UNDECLARED_SELECTOR = YES;
				GCC_WARN_UNINITIALIZED_AUTOS = YES_AGGRESSIVE;
				GCC_WARN_UNUSED_FUNCTION = YES;
				GCC_WARN_UNUSED_VARIABLE = YES;
				INFOPLIST_FILE = Tests/Info.plist;
				LD_RUNPATH_SEARCH_PATHS = (
					"$(inherited)",
					"@executable_path/../Frameworks",
					"@loader_path/../Frameworks",
				);
				MTL_ENABLE_DEBUG_INFO = NO;
				MTL_FAST_MATH = YES;
				PRODUCT_BUNDLE_IDENTIFIER = "com.kevinvitale.Gibby-macOSTests";
				PRODUCT_NAME = "$(TARGET_NAME)";
				SDKROOT = macosx;
				SWIFT_COMPILATION_MODE = wholemodule;
				SWIFT_OPTIMIZATION_LEVEL = "-O";
			};
			name = Release;
		};
/* End XCBuildConfiguration section */

/* Begin XCConfigurationList section */
		0A3DD4D621F2A9D600BCC6D4 /* Build configuration list for PBXProject "Gibby" */ = {
			isa = XCConfigurationList;
			buildConfigurations = (
				0A3DD4D721F2A9D600BCC6D4 /* Debug */,
				0A3DD4D821F2A9D600BCC6D4 /* Release */,
			);
			defaultConfigurationIsVisible = 0;
			defaultConfigurationName = Release;
		};
		0A3DD50F21F2AA3100BCC6D4 /* Build configuration list for PBXNativeTarget "Gibby-macOS" */ = {
			isa = XCConfigurationList;
			buildConfigurations = (
				0A3DD51021F2AA3100BCC6D4 /* Debug */,
				0A3DD51121F2AA3100BCC6D4 /* Release */,
			);
			defaultConfigurationIsVisible = 0;
			defaultConfigurationName = Release;
		};
		0A3DD51221F2AA3100BCC6D4 /* Build configuration list for PBXNativeTarget "Gibby-macOSTests" */ = {
			isa = XCConfigurationList;
			buildConfigurations = (
				0A3DD51321F2AA3100BCC6D4 /* Debug */,
				0A3DD51421F2AA3100BCC6D4 /* Release */,
			);
			defaultConfigurationIsVisible = 0;
			defaultConfigurationName = Release;
		};
/* End XCConfigurationList section */
	};
	rootObject = 0A3DD4D321F2A9D600BCC6D4 /* Project object */;
}
